// !$*UTF8*$!
{
	archiveVersion = 1;
	classes = {
	};
	objectVersion = 51;
	objects = {

/* Begin PBXBuildFile section */
		5C20982123F125D500BE515D /* signinID.swift in Sources */ = {isa = PBXBuildFile; fileRef = 5C20982023F125D500BE515D /* signinID.swift */; };
		5C20982323F5409B00BE515D /* TabViewController.swift in Sources */ = {isa = PBXBuildFile; fileRef = 5C20982223F5409A00BE515D /* TabViewController.swift */; };
		5C2A734423FC265400F57F31 /* TaipeiSansTCBeta-Regular.ttf in Resources */ = {isa = PBXBuildFile; fileRef = 5C2A734123FC265200F57F31 /* TaipeiSansTCBeta-Regular.ttf */; };
		5C2A734523FC265400F57F31 /* TaipeiSansTCBeta-Light.ttf in Resources */ = {isa = PBXBuildFile; fileRef = 5C2A734223FC265300F57F31 /* TaipeiSansTCBeta-Light.ttf */; };
		5C2A734623FC265400F57F31 /* TaipeiSansTCBeta-Bold.ttf in Resources */ = {isa = PBXBuildFile; fileRef = 5C2A734323FC265400F57F31 /* TaipeiSansTCBeta-Bold.ttf */; };
		5C2A734E23FC34F900F57F31 /* NotoSerifCJKtc-Bold.otf in Resources */ = {isa = PBXBuildFile; fileRef = 5C2A734723FC34F100F57F31 /* NotoSerifCJKtc-Bold.otf */; };
		5C2A734F23FC34F900F57F31 /* NotoSerifCJKtc-Medium.otf in Resources */ = {isa = PBXBuildFile; fileRef = 5C2A734823FC34F200F57F31 /* NotoSerifCJKtc-Medium.otf */; };
		5C2A735023FC34F900F57F31 /* NotoSerifCJKtc-ExtraLight.otf in Resources */ = {isa = PBXBuildFile; fileRef = 5C2A734923FC34F300F57F31 /* NotoSerifCJKtc-ExtraLight.otf */; };
		5C2A735123FC34F900F57F31 /* NotoSerifCJKtc-Black.otf in Resources */ = {isa = PBXBuildFile; fileRef = 5C2A734A23FC34F500F57F31 /* NotoSerifCJKtc-Black.otf */; };
		5C2A735223FC34F900F57F31 /* NotoSerifCJKtc-SemiBold.otf in Resources */ = {isa = PBXBuildFile; fileRef = 5C2A734B23FC34F600F57F31 /* NotoSerifCJKtc-SemiBold.otf */; };
		5C2A735323FC34F900F57F31 /* NotoSerifCJKtc-Regular.otf in Resources */ = {isa = PBXBuildFile; fileRef = 5C2A734C23FC34F700F57F31 /* NotoSerifCJKtc-Regular.otf */; };
		5C2A735423FC34F900F57F31 /* NotoSerifCJKtc-Light.otf in Resources */ = {isa = PBXBuildFile; fileRef = 5C2A734D23FC34F900F57F31 /* NotoSerifCJKtc-Light.otf */; };
		5C3D6AAE23E97F5D00257991 /* productDetail.swift in Sources */ = {isa = PBXBuildFile; fileRef = 5C3D6AAD23E97F5D00257991 /* productDetail.swift */; };
		5C3D6AB023EA90F700257991 /* editProfile.swift in Sources */ = {isa = PBXBuildFile; fileRef = 5C3D6AAF23EA90F700257991 /* editProfile.swift */; };
		5C4CF8E123F550D800AB65B6 /* EditArticleViewController.swift in Sources */ = {isa = PBXBuildFile; fileRef = 5C4CF8E023F550D700AB65B6 /* EditArticleViewController.swift */; };
		5C4CF8E323F56B4100AB65B6 /* EditArticleCollectionViewCell.swift in Sources */ = {isa = PBXBuildFile; fileRef = 5C4CF8E223F56B4100AB65B6 /* EditArticleCollectionViewCell.swift */; };
		5C52A36623E4279D00969BDE /* ProductDetailViewController.swift in Sources */ = {isa = PBXBuildFile; fileRef = 5C52A36523E4279D00969BDE /* ProductDetailViewController.swift */; };
		5C52A36A23E427F300969BDE /* ProductDetailTableViewCell.swift in Sources */ = {isa = PBXBuildFile; fileRef = 5C52A36923E427F300969BDE /* ProductDetailTableViewCell.swift */; };
		5C52A36C23E4992B00969BDE /* ListViewController.swift in Sources */ = {isa = PBXBuildFile; fileRef = 5C52A36B23E4992B00969BDE /* ListViewController.swift */; };
		5C52A37023E4996700969BDE /* ListTableViewCell.swift in Sources */ = {isa = PBXBuildFile; fileRef = 5C52A36F23E4996700969BDE /* ListTableViewCell.swift */; };
		5C52A37223E7B50300969BDE /* PostViewController.swift in Sources */ = {isa = PBXBuildFile; fileRef = 5C52A37123E7B50300969BDE /* PostViewController.swift */; };
		5C52A37823E7C63400969BDE /* PostTitleTableViewCell.swift in Sources */ = {isa = PBXBuildFile; fileRef = 5C52A37723E7C63400969BDE /* PostTitleTableViewCell.swift */; };
		5C52A37A23E7C65600969BDE /* PostContentTableViewCell.swift in Sources */ = {isa = PBXBuildFile; fileRef = 5C52A37923E7C65600969BDE /* PostContentTableViewCell.swift */; };
		5C52A37C23E7EC5100969BDE /* PostTimeTableViewCell.swift in Sources */ = {isa = PBXBuildFile; fileRef = 5C52A37B23E7EC5100969BDE /* PostTimeTableViewCell.swift */; };
		5C57F34723DC46E00010A672 /* AppDelegate.swift in Sources */ = {isa = PBXBuildFile; fileRef = 5C57F34623DC46E00010A672 /* AppDelegate.swift */; };
		5C57F34B23DC46E00010A672 /* ViewController.swift in Sources */ = {isa = PBXBuildFile; fileRef = 5C57F34A23DC46E00010A672 /* ViewController.swift */; };
		5C57F34E23DC46E00010A672 /* Main.storyboard in Resources */ = {isa = PBXBuildFile; fileRef = 5C57F34C23DC46E00010A672 /* Main.storyboard */; };
		5C57F35023DC46E20010A672 /* Assets.xcassets in Resources */ = {isa = PBXBuildFile; fileRef = 5C57F34F23DC46E20010A672 /* Assets.xcassets */; };
		5C57F35323DC46E20010A672 /* LaunchScreen.storyboard in Resources */ = {isa = PBXBuildFile; fileRef = 5C57F35123DC46E20010A672 /* LaunchScreen.storyboard */; };
		5C67C5C923ED79A000534D44 /* GoogleService-Info.plist in Resources */ = {isa = PBXBuildFile; fileRef = 5C67C5C823ED79A000534D44 /* GoogleService-Info.plist */; };
		5C78699523E1B9B9007A94A1 /* HomePageViewController.swift in Sources */ = {isa = PBXBuildFile; fileRef = 5C78699423E1B9B9007A94A1 /* HomePageViewController.swift */; };
		5C78699723E1BB2B007A94A1 /* HomePageCollectionViewCell.swift in Sources */ = {isa = PBXBuildFile; fileRef = 5C78699623E1BB2B007A94A1 /* HomePageCollectionViewCell.swift */; };
		5C78699D23E1F8E2007A94A1 /* SavePageViewController.swift in Sources */ = {isa = PBXBuildFile; fileRef = 5C78699C23E1F8E2007A94A1 /* SavePageViewController.swift */; };
		5C78699F23E1F91C007A94A1 /* SavePageCollectionViewCell.swift in Sources */ = {isa = PBXBuildFile; fileRef = 5C78699E23E1F91C007A94A1 /* SavePageCollectionViewCell.swift */; };
		5CBA45BA23F7E3B100DC32A8 /* article.swift in Sources */ = {isa = PBXBuildFile; fileRef = 5CBA45B923F7E3B000DC32A8 /* article.swift */; };
		5CC4651223E84C2F00424243 /* SinginViewController.swift in Sources */ = {isa = PBXBuildFile; fileRef = 5CC4651123E84C2F00424243 /* SinginViewController.swift */; };
		5CF684C923E2B75800F3C363 /* PersonalPageViewController.swift in Sources */ = {isa = PBXBuildFile; fileRef = 5CF684C823E2B75800F3C363 /* PersonalPageViewController.swift */; };
		5CF684CB23E2B78E00F3C363 /* PersonalPageCollectionViewCell.swift in Sources */ = {isa = PBXBuildFile; fileRef = 5CF684CA23E2B78E00F3C363 /* PersonalPageCollectionViewCell.swift */; };
		5CF684CD23E2CFCD00F3C363 /* EditProfileViewController.swift in Sources */ = {isa = PBXBuildFile; fileRef = 5CF684CC23E2CFCD00F3C363 /* EditProfileViewController.swift */; };
		5CF684D123E2D04B00F3C363 /* CategoryViewController.swift in Sources */ = {isa = PBXBuildFile; fileRef = 5CF684D023E2D04B00F3C363 /* CategoryViewController.swift */; };
		5CF684D323E2D07C00F3C363 /* CategoryTableViewCell.swift in Sources */ = {isa = PBXBuildFile; fileRef = 5CF684D223E2D07C00F3C363 /* CategoryTableViewCell.swift */; };
		5CF684D523E2D0A100F3C363 /* EditProfileTableViewCell.swift in Sources */ = {isa = PBXBuildFile; fileRef = 5CF684D423E2D0A100F3C363 /* EditProfileTableViewCell.swift */; };
		5CF6AA1C23FBB92A000CB692 /* SettingViewController.swift in Sources */ = {isa = PBXBuildFile; fileRef = 5CF6AA1B23FBB92A000CB692 /* SettingViewController.swift */; };
		711B1CD1D06D4396E339318B /* Pods_Daily_Makeup.framework in Frameworks */ = {isa = PBXBuildFile; fileRef = 46D412BBAA3942BCAA376106 /* Pods_Daily_Makeup.framework */; };
		CF858371A96B62576E13F55C /* Pods_Daily_Makeup.framework in Frameworks */ = {isa = PBXBuildFile; fileRef = FA4D39A30E24CBD550FCE89B /* Pods_Daily_Makeup.framework */; };
/* End PBXBuildFile section */

/* Begin PBXFileReference section */
		1EDBDCB2B2DABF2EAF0B4A64 /* Pods-Daily_Makeup.debug.xcconfig */ = {isa = PBXFileReference; includeInIndex = 1; lastKnownFileType = text.xcconfig; name = "Pods-Daily_Makeup.debug.xcconfig"; path = "Target Support Files/Pods-Daily_Makeup/Pods-Daily_Makeup.debug.xcconfig"; sourceTree = "<group>"; };
		46D412BBAA3942BCAA376106 /* Pods_Daily_Makeup.framework */ = {isa = PBXFileReference; explicitFileType = wrapper.framework; includeInIndex = 0; path = Pods_Daily_Makeup.framework; sourceTree = BUILT_PRODUCTS_DIR; };
		5C20982023F125D500BE515D /* signinID.swift */ = {isa = PBXFileReference; lastKnownFileType = sourcecode.swift; path = signinID.swift; sourceTree = "<group>"; };
		5C20982223F5409A00BE515D /* TabViewController.swift */ = {isa = PBXFileReference; lastKnownFileType = sourcecode.swift; path = TabViewController.swift; sourceTree = "<group>"; };
		5C2A734123FC265200F57F31 /* TaipeiSansTCBeta-Regular.ttf */ = {isa = PBXFileReference; lastKnownFileType = file; path = "TaipeiSansTCBeta-Regular.ttf"; sourceTree = "<group>"; };
		5C2A734223FC265300F57F31 /* TaipeiSansTCBeta-Light.ttf */ = {isa = PBXFileReference; lastKnownFileType = file; path = "TaipeiSansTCBeta-Light.ttf"; sourceTree = "<group>"; };
		5C2A734323FC265400F57F31 /* TaipeiSansTCBeta-Bold.ttf */ = {isa = PBXFileReference; lastKnownFileType = file; path = "TaipeiSansTCBeta-Bold.ttf"; sourceTree = "<group>"; };
		5C2A734723FC34F100F57F31 /* NotoSerifCJKtc-Bold.otf */ = {isa = PBXFileReference; lastKnownFileType = file; path = "NotoSerifCJKtc-Bold.otf"; sourceTree = "<group>"; };
		5C2A734823FC34F200F57F31 /* NotoSerifCJKtc-Medium.otf */ = {isa = PBXFileReference; lastKnownFileType = file; path = "NotoSerifCJKtc-Medium.otf"; sourceTree = "<group>"; };
		5C2A734923FC34F300F57F31 /* NotoSerifCJKtc-ExtraLight.otf */ = {isa = PBXFileReference; lastKnownFileType = file; path = "NotoSerifCJKtc-ExtraLight.otf"; sourceTree = "<group>"; };
		5C2A734A23FC34F500F57F31 /* NotoSerifCJKtc-Black.otf */ = {isa = PBXFileReference; lastKnownFileType = file; path = "NotoSerifCJKtc-Black.otf"; sourceTree = "<group>"; };
		5C2A734B23FC34F600F57F31 /* NotoSerifCJKtc-SemiBold.otf */ = {isa = PBXFileReference; lastKnownFileType = file; path = "NotoSerifCJKtc-SemiBold.otf"; sourceTree = "<group>"; };
		5C2A734C23FC34F700F57F31 /* NotoSerifCJKtc-Regular.otf */ = {isa = PBXFileReference; lastKnownFileType = file; path = "NotoSerifCJKtc-Regular.otf"; sourceTree = "<group>"; };
		5C2A734D23FC34F900F57F31 /* NotoSerifCJKtc-Light.otf */ = {isa = PBXFileReference; lastKnownFileType = file; path = "NotoSerifCJKtc-Light.otf"; sourceTree = "<group>"; };
		5C3D6AAD23E97F5D00257991 /* productDetail.swift */ = {isa = PBXFileReference; lastKnownFileType = sourcecode.swift; path = productDetail.swift; sourceTree = "<group>"; };
		5C3D6AAF23EA90F700257991 /* editProfile.swift */ = {isa = PBXFileReference; lastKnownFileType = sourcecode.swift; path = editProfile.swift; sourceTree = "<group>"; };
		5C4CF8E023F550D700AB65B6 /* EditArticleViewController.swift */ = {isa = PBXFileReference; lastKnownFileType = sourcecode.swift; path = EditArticleViewController.swift; sourceTree = "<group>"; };
		5C4CF8E223F56B4100AB65B6 /* EditArticleCollectionViewCell.swift */ = {isa = PBXFileReference; lastKnownFileType = sourcecode.swift; path = EditArticleCollectionViewCell.swift; sourceTree = "<group>"; };
		5C52A36523E4279D00969BDE /* ProductDetailViewController.swift */ = {isa = PBXFileReference; lastKnownFileType = sourcecode.swift; path = ProductDetailViewController.swift; sourceTree = "<group>"; };
		5C52A36923E427F300969BDE /* ProductDetailTableViewCell.swift */ = {isa = PBXFileReference; lastKnownFileType = sourcecode.swift; path = ProductDetailTableViewCell.swift; sourceTree = "<group>"; };
		5C52A36B23E4992B00969BDE /* ListViewController.swift */ = {isa = PBXFileReference; lastKnownFileType = sourcecode.swift; path = ListViewController.swift; sourceTree = "<group>"; };
		5C52A36F23E4996700969BDE /* ListTableViewCell.swift */ = {isa = PBXFileReference; lastKnownFileType = sourcecode.swift; path = ListTableViewCell.swift; sourceTree = "<group>"; };
		5C52A37123E7B50300969BDE /* PostViewController.swift */ = {isa = PBXFileReference; lastKnownFileType = sourcecode.swift; path = PostViewController.swift; sourceTree = "<group>"; };
		5C52A37723E7C63400969BDE /* PostTitleTableViewCell.swift */ = {isa = PBXFileReference; lastKnownFileType = sourcecode.swift; path = PostTitleTableViewCell.swift; sourceTree = "<group>"; };
		5C52A37923E7C65600969BDE /* PostContentTableViewCell.swift */ = {isa = PBXFileReference; lastKnownFileType = sourcecode.swift; path = PostContentTableViewCell.swift; sourceTree = "<group>"; };
		5C52A37B23E7EC5100969BDE /* PostTimeTableViewCell.swift */ = {isa = PBXFileReference; lastKnownFileType = sourcecode.swift; path = PostTimeTableViewCell.swift; sourceTree = "<group>"; };
		5C57F34323DC46E00010A672 /* Daily_Makeup.app */ = {isa = PBXFileReference; explicitFileType = wrapper.application; includeInIndex = 0; path = Daily_Makeup.app; sourceTree = BUILT_PRODUCTS_DIR; };
		5C57F34623DC46E00010A672 /* AppDelegate.swift */ = {isa = PBXFileReference; lastKnownFileType = sourcecode.swift; path = AppDelegate.swift; sourceTree = "<group>"; };
		5C57F34A23DC46E00010A672 /* ViewController.swift */ = {isa = PBXFileReference; lastKnownFileType = sourcecode.swift; path = ViewController.swift; sourceTree = "<group>"; };
		5C57F34D23DC46E00010A672 /* Base */ = {isa = PBXFileReference; lastKnownFileType = file.storyboard; name = Base; path = Base.lproj/Main.storyboard; sourceTree = "<group>"; };
		5C57F34F23DC46E20010A672 /* Assets.xcassets */ = {isa = PBXFileReference; lastKnownFileType = folder.assetcatalog; path = Assets.xcassets; sourceTree = "<group>"; };
		5C57F35223DC46E20010A672 /* Base */ = {isa = PBXFileReference; lastKnownFileType = file.storyboard; name = Base; path = Base.lproj/LaunchScreen.storyboard; sourceTree = "<group>"; };
		5C57F35423DC46E20010A672 /* Info.plist */ = {isa = PBXFileReference; lastKnownFileType = text.plist.xml; path = Info.plist; sourceTree = "<group>"; };
		5C67C5C823ED79A000534D44 /* GoogleService-Info.plist */ = {isa = PBXFileReference; fileEncoding = 4; lastKnownFileType = text.plist.xml; path = "GoogleService-Info.plist"; sourceTree = "<group>"; };
		5C78699423E1B9B9007A94A1 /* HomePageViewController.swift */ = {isa = PBXFileReference; lastKnownFileType = sourcecode.swift; path = HomePageViewController.swift; sourceTree = "<group>"; };
		5C78699623E1BB2B007A94A1 /* HomePageCollectionViewCell.swift */ = {isa = PBXFileReference; lastKnownFileType = sourcecode.swift; path = HomePageCollectionViewCell.swift; sourceTree = "<group>"; };
		5C78699C23E1F8E2007A94A1 /* SavePageViewController.swift */ = {isa = PBXFileReference; lastKnownFileType = sourcecode.swift; path = SavePageViewController.swift; sourceTree = "<group>"; };
		5C78699E23E1F91C007A94A1 /* SavePageCollectionViewCell.swift */ = {isa = PBXFileReference; lastKnownFileType = sourcecode.swift; path = SavePageCollectionViewCell.swift; sourceTree = "<group>"; };
		5CBA45B923F7E3B000DC32A8 /* article.swift */ = {isa = PBXFileReference; lastKnownFileType = sourcecode.swift; path = article.swift; sourceTree = "<group>"; };
		5CC4651123E84C2F00424243 /* SinginViewController.swift */ = {isa = PBXFileReference; lastKnownFileType = sourcecode.swift; path = SinginViewController.swift; sourceTree = "<group>"; };
		5CF684C823E2B75800F3C363 /* PersonalPageViewController.swift */ = {isa = PBXFileReference; lastKnownFileType = sourcecode.swift; path = PersonalPageViewController.swift; sourceTree = "<group>"; };
		5CF684CA23E2B78E00F3C363 /* PersonalPageCollectionViewCell.swift */ = {isa = PBXFileReference; lastKnownFileType = sourcecode.swift; path = PersonalPageCollectionViewCell.swift; sourceTree = "<group>"; };
		5CF684CC23E2CFCD00F3C363 /* EditProfileViewController.swift */ = {isa = PBXFileReference; lastKnownFileType = sourcecode.swift; path = EditProfileViewController.swift; sourceTree = "<group>"; };
		5CF684D023E2D04B00F3C363 /* CategoryViewController.swift */ = {isa = PBXFileReference; lastKnownFileType = sourcecode.swift; path = CategoryViewController.swift; sourceTree = "<group>"; };
		5CF684D223E2D07C00F3C363 /* CategoryTableViewCell.swift */ = {isa = PBXFileReference; lastKnownFileType = sourcecode.swift; path = CategoryTableViewCell.swift; sourceTree = "<group>"; };
		5CF684D423E2D0A100F3C363 /* EditProfileTableViewCell.swift */ = {isa = PBXFileReference; lastKnownFileType = sourcecode.swift; path = EditProfileTableViewCell.swift; sourceTree = "<group>"; };
		5CF6AA1B23FBB92A000CB692 /* SettingViewController.swift */ = {isa = PBXFileReference; lastKnownFileType = sourcecode.swift; path = SettingViewController.swift; sourceTree = "<group>"; };
		ADEE0E7F3CACC3135BD337BF /* Pods-Daily_Makeup.release.xcconfig */ = {isa = PBXFileReference; includeInIndex = 1; lastKnownFileType = text.xcconfig; path = "Pods-Daily_Makeup.release.xcconfig"; sourceTree = "<group>"; };
		DC77E76445C0FAE26012616B /* Pods-Daily_Makeup.release.xcconfig */ = {isa = PBXFileReference; includeInIndex = 1; lastKnownFileType = text.xcconfig; name = "Pods-Daily_Makeup.release.xcconfig"; path = "Target Support Files/Pods-Daily_Makeup/Pods-Daily_Makeup.release.xcconfig"; sourceTree = "<group>"; };
		FA4D39A30E24CBD550FCE89B /* Pods_Daily_Makeup.framework */ = {isa = PBXFileReference; explicitFileType = wrapper.framework; includeInIndex = 0; path = Pods_Daily_Makeup.framework; sourceTree = BUILT_PRODUCTS_DIR; };
/* End PBXFileReference section */

/* Begin PBXFrameworksBuildPhase section */
		5C57F34023DC46E00010A672 /* Frameworks */ = {
			isa = PBXFrameworksBuildPhase;
			buildActionMask = 2147483647;
			files = (
				CF858371A96B62576E13F55C /* Pods_Daily_Makeup.framework in Frameworks */,
				711B1CD1D06D4396E339318B /* Pods_Daily_Makeup.framework in Frameworks */,
			);
			runOnlyForDeploymentPostprocessing = 0;
		};
/* End PBXFrameworksBuildPhase section */

/* Begin PBXGroup section */
		5BDF2506CD097B1F08043122 /* Frameworks */ = {
			isa = PBXGroup;
			children = (
				46D412BBAA3942BCAA376106 /* Pods_Daily_Makeup.framework */,
			);
			name = Frameworks;
			sourceTree = "<group>";
		};
		5C57F33A23DC46E00010A672 = {
			isa = PBXGroup;
			children = (
				5C57F34523DC46E00010A672 /* Daily_Makeup */,
				5C57F34423DC46E00010A672 /* Products */,
				B23AF8242F95DA8D65B5E967 /* Pods */,
				5BDF2506CD097B1F08043122 /* Frameworks */,
			);
			sourceTree = "<group>";
		};
		5C57F34423DC46E00010A672 /* Products */ = {
			isa = PBXGroup;
			children = (
				5C57F34323DC46E00010A672 /* Daily_Makeup.app */,
			);
			name = Products;
			sourceTree = "<group>";
		};
		5C57F34523DC46E00010A672 /* Daily_Makeup */ = {
			isa = PBXGroup;
			children = (
				5C57F35123DC46E20010A672 /* LaunchScreen.storyboard */,
				5C57F35423DC46E20010A672 /* Info.plist */,
				5C67C5C823ED79A000534D44 /* GoogleService-Info.plist */,
				5C78699223E1B612007A94A1 /* View */,
				5C78699123E1B5D8007A94A1 /* Model */,
				5C78699323E1B61B007A94A1 /* Controller */,
			);
			path = Daily_Makeup;
			sourceTree = "<group>";
		};
		5C78699123E1B5D8007A94A1 /* Model */ = {
			isa = PBXGroup;
			children = (
				5C57F34623DC46E00010A672 /* AppDelegate.swift */,
				5C3D6AAD23E97F5D00257991 /* productDetail.swift */,
				5C3D6AAF23EA90F700257991 /* editProfile.swift */,
				5C20982023F125D500BE515D /* signinID.swift */,
				5CBA45B923F7E3B000DC32A8 /* article.swift */,
			);
			path = Model;
			sourceTree = "<group>";
		};
		5C78699223E1B612007A94A1 /* View */ = {
			isa = PBXGroup;
			children = (
				5C57F34C23DC46E00010A672 /* Main.storyboard */,
				5C52A36F23E4996700969BDE /* ListTableViewCell.swift */,
				5C52A36923E427F300969BDE /* ProductDetailTableViewCell.swift */,
				5C78699623E1BB2B007A94A1 /* HomePageCollectionViewCell.swift */,
				5C78699E23E1F91C007A94A1 /* SavePageCollectionViewCell.swift */,
				5CF684CA23E2B78E00F3C363 /* PersonalPageCollectionViewCell.swift */,
				5CF684D423E2D0A100F3C363 /* EditProfileTableViewCell.swift */,
				5C52A37B23E7EC5100969BDE /* PostTimeTableViewCell.swift */,
				5C52A37723E7C63400969BDE /* PostTitleTableViewCell.swift */,
				5C52A37923E7C65600969BDE /* PostContentTableViewCell.swift */,
				5CF684D223E2D07C00F3C363 /* CategoryTableViewCell.swift */,
				5C4CF8E223F56B4100AB65B6 /* EditArticleCollectionViewCell.swift */,
			);
			path = View;
			sourceTree = "<group>";
		};
		5C78699323E1B61B007A94A1 /* Controller */ = {
			isa = PBXGroup;
			children = (
				5C4CF8E023F550D700AB65B6 /* EditArticleViewController.swift */,
				5C20982223F5409A00BE515D /* TabViewController.swift */,
				5C57F34A23DC46E00010A672 /* ViewController.swift */,
				5CC4651123E84C2F00424243 /* SinginViewController.swift */,
				5C52A37123E7B50300969BDE /* PostViewController.swift */,
				5C52A36523E4279D00969BDE /* ProductDetailViewController.swift */,
				5C52A36B23E4992B00969BDE /* ListViewController.swift */,
				5CF684C823E2B75800F3C363 /* PersonalPageViewController.swift */,
				5CF684CC23E2CFCD00F3C363 /* EditProfileViewController.swift */,
				5C78699423E1B9B9007A94A1 /* HomePageViewController.swift */,
				5C78699C23E1F8E2007A94A1 /* SavePageViewController.swift */,
				5CF684D023E2D04B00F3C363 /* CategoryViewController.swift */,
				5CF6AA1B23FBB92A000CB692 /* SettingViewController.swift */,
				ADEE0E7F3CACC3135BD337BF /* Pods-Daily_Makeup.release.xcconfig */,
				5C57F34F23DC46E20010A672 /* Assets.xcassets */,
				FA4D39A30E24CBD550FCE89B /* Pods_Daily_Makeup.framework */,
				5C2A734323FC265400F57F31 /* TaipeiSansTCBeta-Bold.ttf */,
				5C2A734223FC265300F57F31 /* TaipeiSansTCBeta-Light.ttf */,
				5C2A734123FC265200F57F31 /* TaipeiSansTCBeta-Regular.ttf */,
				5C2A734A23FC34F500F57F31 /* NotoSerifCJKtc-Black.otf */,
				5C2A734723FC34F100F57F31 /* NotoSerifCJKtc-Bold.otf */,
				5C2A734923FC34F300F57F31 /* NotoSerifCJKtc-ExtraLight.otf */,
				5C2A734D23FC34F900F57F31 /* NotoSerifCJKtc-Light.otf */,
				5C2A734823FC34F200F57F31 /* NotoSerifCJKtc-Medium.otf */,
				5C2A734C23FC34F700F57F31 /* NotoSerifCJKtc-Regular.otf */,
				5C2A734B23FC34F600F57F31 /* NotoSerifCJKtc-SemiBold.otf */,
			);
			path = Controller;
			sourceTree = "<group>";
		};
		B23AF8242F95DA8D65B5E967 /* Pods */ = {
			isa = PBXGroup;
			children = (
				1EDBDCB2B2DABF2EAF0B4A64 /* Pods-Daily_Makeup.debug.xcconfig */,
				DC77E76445C0FAE26012616B /* Pods-Daily_Makeup.release.xcconfig */,
			);
			path = Pods;
			sourceTree = "<group>";
		};
/* End PBXGroup section */

/* Begin PBXNativeTarget section */
		5C57F34223DC46E00010A672 /* Daily_Makeup */ = {
			isa = PBXNativeTarget;
			buildConfigurationList = 5C57F35723DC46E20010A672 /* Build configuration list for PBXNativeTarget "Daily_Makeup" */;
			buildPhases = (
				C54253C57DD548B88685002B /* [CP] Check Pods Manifest.lock */,
				5C57F33F23DC46E00010A672 /* Sources */,
				5C57F34023DC46E00010A672 /* Frameworks */,
				5C57F34123DC46E00010A672 /* Resources */,
				BD657616C98E1A1FD16380E7 /* [CP] Embed Pods Frameworks */,
				0CD550F61B7E7E3BE011022B /* [CP] Copy Pods Resources */,
			);
			buildRules = (
			);
			dependencies = (
			);
			name = Daily_Makeup;
			productName = Daily_Makeup;
			productReference = 5C57F34323DC46E00010A672 /* Daily_Makeup.app */;
			productType = "com.apple.product-type.application";
		};
/* End PBXNativeTarget section */

/* Begin PBXProject section */
		5C57F33B23DC46E00010A672 /* Project object */ = {
			isa = PBXProject;
			attributes = {
				LastSwiftUpdateCheck = 1110;
				LastUpgradeCheck = 1110;
				ORGANIZATIONNAME = "Hueijyun ";
				TargetAttributes = {
					5C57F34223DC46E00010A672 = {
						CreatedOnToolsVersion = 11.1;
					};
				};
			};
			buildConfigurationList = 5C57F33E23DC46E00010A672 /* Build configuration list for PBXProject "Daily_Makeup" */;
			compatibilityVersion = "Xcode 9.3";
			developmentRegion = en;
			hasScannedForEncodings = 0;
			knownRegions = (
				en,
				Base,
			);
			mainGroup = 5C57F33A23DC46E00010A672;
			productRefGroup = 5C57F34423DC46E00010A672 /* Products */;
			projectDirPath = "";
			projectRoot = "";
			targets = (
				5C57F34223DC46E00010A672 /* Daily_Makeup */,
			);
		};
/* End PBXProject section */

/* Begin PBXResourcesBuildPhase section */
		5C57F34123DC46E00010A672 /* Resources */ = {
			isa = PBXResourcesBuildPhase;
			buildActionMask = 2147483647;
			files = (
				5C57F35323DC46E20010A672 /* LaunchScreen.storyboard in Resources */,
				5C67C5C923ED79A000534D44 /* GoogleService-Info.plist in Resources */,
				5C57F35023DC46E20010A672 /* Assets.xcassets in Resources */,
				5C2A734523FC265400F57F31 /* TaipeiSansTCBeta-Light.ttf in Resources */,
				5C2A734E23FC34F900F57F31 /* NotoSerifCJKtc-Bold.otf in Resources */,
				5C2A734F23FC34F900F57F31 /* NotoSerifCJKtc-Medium.otf in Resources */,
				5C57F34E23DC46E00010A672 /* Main.storyboard in Resources */,
				5C2A735023FC34F900F57F31 /* NotoSerifCJKtc-ExtraLight.otf in Resources */,
				5C2A735323FC34F900F57F31 /* NotoSerifCJKtc-Regular.otf in Resources */,
				5C2A735123FC34F900F57F31 /* NotoSerifCJKtc-Black.otf in Resources */,
				5C2A735423FC34F900F57F31 /* NotoSerifCJKtc-Light.otf in Resources */,
				5C2A734623FC265400F57F31 /* TaipeiSansTCBeta-Bold.ttf in Resources */,
				5C2A735223FC34F900F57F31 /* NotoSerifCJKtc-SemiBold.otf in Resources */,
				5C2A734423FC265400F57F31 /* TaipeiSansTCBeta-Regular.ttf in Resources */,
			);
			runOnlyForDeploymentPostprocessing = 0;
		};
/* End PBXResourcesBuildPhase section */

/* Begin PBXShellScriptBuildPhase section */
		0CD550F61B7E7E3BE011022B /* [CP] Copy Pods Resources */ = {
			isa = PBXShellScriptBuildPhase;
			buildActionMask = 2147483647;
			files = (
			);
			inputFileListPaths = (
				"${PODS_ROOT}/Target Support Files/Pods-Daily_Makeup/Pods-Daily_Makeup-resources-${CONFIGURATION}-input-files.xcfilelist",
			);
			name = "[CP] Copy Pods Resources";
			outputFileListPaths = (
				"${PODS_ROOT}/Target Support Files/Pods-Daily_Makeup/Pods-Daily_Makeup-resources-${CONFIGURATION}-output-files.xcfilelist",
			);
			runOnlyForDeploymentPostprocessing = 0;
			shellPath = /bin/sh;
			shellScript = "\"${PODS_ROOT}/Target Support Files/Pods-Daily_Makeup/Pods-Daily_Makeup-resources.sh\"\n";
			showEnvVarsInLog = 0;
		};
		BD657616C98E1A1FD16380E7 /* [CP] Embed Pods Frameworks */ = {
			isa = PBXShellScriptBuildPhase;
			buildActionMask = 2147483647;
			files = (
			);
			inputFileListPaths = (
				"${PODS_ROOT}/Target Support Files/Pods-Daily_Makeup/Pods-Daily_Makeup-frameworks-${CONFIGURATION}-input-files.xcfilelist",
			);
			name = "[CP] Embed Pods Frameworks";
			outputFileListPaths = (
				"${PODS_ROOT}/Target Support Files/Pods-Daily_Makeup/Pods-Daily_Makeup-frameworks-${CONFIGURATION}-output-files.xcfilelist",
			);
			runOnlyForDeploymentPostprocessing = 0;
			shellPath = /bin/sh;
			shellScript = "\"${PODS_ROOT}/Target Support Files/Pods-Daily_Makeup/Pods-Daily_Makeup-frameworks.sh\"\n";
			showEnvVarsInLog = 0;
		};
		C54253C57DD548B88685002B /* [CP] Check Pods Manifest.lock */ = {
			isa = PBXShellScriptBuildPhase;
			buildActionMask = 2147483647;
			files = (
			);
			inputFileListPaths = (
			);
			inputPaths = (
				"${PODS_PODFILE_DIR_PATH}/Podfile.lock",
				"${PODS_ROOT}/Manifest.lock",
			);
			name = "[CP] Check Pods Manifest.lock";
			outputFileListPaths = (
			);
			outputPaths = (
				"$(DERIVED_FILE_DIR)/Pods-Daily_Makeup-checkManifestLockResult.txt",
			);
			runOnlyForDeploymentPostprocessing = 0;
			shellPath = /bin/sh;
			shellScript = "diff \"${PODS_PODFILE_DIR_PATH}/Podfile.lock\" \"${PODS_ROOT}/Manifest.lock\" > /dev/null\nif [ $? != 0 ] ; then\n    # print error to STDERR\n    echo \"error: The sandbox is not in sync with the Podfile.lock. Run 'pod install' or update your CocoaPods installation.\" >&2\n    exit 1\nfi\n# This output is used by Xcode 'outputs' to avoid re-running this script phase.\necho \"SUCCESS\" > \"${SCRIPT_OUTPUT_FILE_0}\"\n";
			showEnvVarsInLog = 0;
		};
/* End PBXShellScriptBuildPhase section */

/* Begin PBXSourcesBuildPhase section */
		5C57F33F23DC46E00010A672 /* Sources */ = {
			isa = PBXSourcesBuildPhase;
			buildActionMask = 2147483647;
			files = (
				5CF6AA1C23FBB92A000CB692 /* SettingViewController.swift in Sources */,
				5CC4651223E84C2F00424243 /* SinginViewController.swift in Sources */,
				5C52A37823E7C63400969BDE /* PostTitleTableViewCell.swift in Sources */,
				5CF684D123E2D04B00F3C363 /* CategoryViewController.swift in Sources */,
				5C52A37A23E7C65600969BDE /* PostContentTableViewCell.swift in Sources */,
				5C3D6AB023EA90F700257991 /* editProfile.swift in Sources */,
				5C52A37023E4996700969BDE /* ListTableViewCell.swift in Sources */,
				5CF684CD23E2CFCD00F3C363 /* EditProfileViewController.swift in Sources */,
				5C52A37223E7B50300969BDE /* PostViewController.swift in Sources */,
				5CBA45BA23F7E3B100DC32A8 /* article.swift in Sources */,
				5C20982323F5409B00BE515D /* TabViewController.swift in Sources */,
				5C52A36A23E427F300969BDE /* ProductDetailTableViewCell.swift in Sources */,
				5CF684C923E2B75800F3C363 /* PersonalPageViewController.swift in Sources */,
				5C4CF8E123F550D800AB65B6 /* EditArticleViewController.swift in Sources */,
				5C78699723E1BB2B007A94A1 /* HomePageCollectionViewCell.swift in Sources */,
				5C3D6AAE23E97F5D00257991 /* productDetail.swift in Sources */,
				5C52A36623E4279D00969BDE /* ProductDetailViewController.swift in Sources */,
				5C57F34B23DC46E00010A672 /* ViewController.swift in Sources */,
				5CF684CB23E2B78E00F3C363 /* PersonalPageCollectionViewCell.swift in Sources */,
				5C52A36C23E4992B00969BDE /* ListViewController.swift in Sources */,
				5CF684D323E2D07C00F3C363 /* CategoryTableViewCell.swift in Sources */,
				5C52A37C23E7EC5100969BDE /* PostTimeTableViewCell.swift in Sources */,
				5CF684D523E2D0A100F3C363 /* EditProfileTableViewCell.swift in Sources */,
				5C57F34723DC46E00010A672 /* AppDelegate.swift in Sources */,
				5C78699523E1B9B9007A94A1 /* HomePageViewController.swift in Sources */,
				5C78699F23E1F91C007A94A1 /* SavePageCollectionViewCell.swift in Sources */,
				5C20982123F125D500BE515D /* signinID.swift in Sources */,
				5C4CF8E323F56B4100AB65B6 /* EditArticleCollectionViewCell.swift in Sources */,
				5C78699D23E1F8E2007A94A1 /* SavePageViewController.swift in Sources */,
			);
			runOnlyForDeploymentPostprocessing = 0;
		};
/* End PBXSourcesBuildPhase section */

/* Begin PBXVariantGroup section */
		5C57F34C23DC46E00010A672 /* Main.storyboard */ = {
			isa = PBXVariantGroup;
			children = (
				5C57F34D23DC46E00010A672 /* Base */,
			);
			name = Main.storyboard;
			sourceTree = "<group>";
		};
		5C57F35123DC46E20010A672 /* LaunchScreen.storyboard */ = {
			isa = PBXVariantGroup;
			children = (
				5C57F35223DC46E20010A672 /* Base */,
			);
			name = LaunchScreen.storyboard;
			sourceTree = "<group>";
		};
/* End PBXVariantGroup section */

/* Begin XCBuildConfiguration section */
		5C57F35523DC46E20010A672 /* Debug */ = {
			isa = XCBuildConfiguration;
			buildSettings = {
				ALWAYS_SEARCH_USER_PATHS = NO;
				CLANG_ANALYZER_NONNULL = YES;
				CLANG_ANALYZER_NUMBER_OBJECT_CONVERSION = YES_AGGRESSIVE;
				CLANG_CXX_LANGUAGE_STANDARD = "gnu++14";
				CLANG_CXX_LIBRARY = "libc++";
				CLANG_ENABLE_MODULES = YES;
				CLANG_ENABLE_OBJC_ARC = YES;
				CLANG_ENABLE_OBJC_WEAK = YES;
				CLANG_WARN_BLOCK_CAPTURE_AUTORELEASING = YES;
				CLANG_WARN_BOOL_CONVERSION = YES;
				CLANG_WARN_COMMA = YES;
				CLANG_WARN_CONSTANT_CONVERSION = YES;
				CLANG_WARN_DEPRECATED_OBJC_IMPLEMENTATIONS = YES;
				CLANG_WARN_DIRECT_OBJC_ISA_USAGE = YES_ERROR;
				CLANG_WARN_DOCUMENTATION_COMMENTS = YES;
				CLANG_WARN_EMPTY_BODY = YES;
				CLANG_WARN_ENUM_CONVERSION = YES;
				CLANG_WARN_INFINITE_RECURSION = YES;
				CLANG_WARN_INT_CONVERSION = YES;
				CLANG_WARN_NON_LITERAL_NULL_CONVERSION = YES;
				CLANG_WARN_OBJC_IMPLICIT_RETAIN_SELF = YES;
				CLANG_WARN_OBJC_LITERAL_CONVERSION = YES;
				CLANG_WARN_OBJC_ROOT_CLASS = YES_ERROR;
				CLANG_WARN_RANGE_LOOP_ANALYSIS = YES;
				CLANG_WARN_STRICT_PROTOTYPES = YES;
				CLANG_WARN_SUSPICIOUS_MOVE = YES;
				CLANG_WARN_UNGUARDED_AVAILABILITY = YES_AGGRESSIVE;
				CLANG_WARN_UNREACHABLE_CODE = YES;
				CLANG_WARN__DUPLICATE_METHOD_MATCH = YES;
				COPY_PHASE_STRIP = NO;
				DEBUG_INFORMATION_FORMAT = dwarf;
				ENABLE_STRICT_OBJC_MSGSEND = YES;
				ENABLE_TESTABILITY = YES;
				GCC_C_LANGUAGE_STANDARD = gnu11;
				GCC_DYNAMIC_NO_PIC = NO;
				GCC_NO_COMMON_BLOCKS = YES;
				GCC_OPTIMIZATION_LEVEL = 0;
				GCC_PREPROCESSOR_DEFINITIONS = (
					"DEBUG=1",
					"$(inherited)",
				);
				GCC_WARN_64_TO_32_BIT_CONVERSION = YES;
				GCC_WARN_ABOUT_RETURN_TYPE = YES_ERROR;
				GCC_WARN_UNDECLARED_SELECTOR = YES;
				GCC_WARN_UNINITIALIZED_AUTOS = YES_AGGRESSIVE;
				GCC_WARN_UNUSED_FUNCTION = YES;
				GCC_WARN_UNUSED_VARIABLE = YES;
				IPHONEOS_DEPLOYMENT_TARGET = 13.1;
				MTL_ENABLE_DEBUG_INFO = INCLUDE_SOURCE;
				MTL_FAST_MATH = YES;
				ONLY_ACTIVE_ARCH = YES;
				SDKROOT = iphoneos;
				SWIFT_ACTIVE_COMPILATION_CONDITIONS = DEBUG;
				SWIFT_OPTIMIZATION_LEVEL = "-Onone";
			};
			name = Debug;
		};
		5C57F35623DC46E20010A672 /* Release */ = {
			isa = XCBuildConfiguration;
			buildSettings = {
				ALWAYS_SEARCH_USER_PATHS = NO;
				CLANG_ANALYZER_NONNULL = YES;
				CLANG_ANALYZER_NUMBER_OBJECT_CONVERSION = YES_AGGRESSIVE;
				CLANG_CXX_LANGUAGE_STANDARD = "gnu++14";
				CLANG_CXX_LIBRARY = "libc++";
				CLANG_ENABLE_MODULES = YES;
				CLANG_ENABLE_OBJC_ARC = YES;
				CLANG_ENABLE_OBJC_WEAK = YES;
				CLANG_WARN_BLOCK_CAPTURE_AUTORELEASING = YES;
				CLANG_WARN_BOOL_CONVERSION = YES;
				CLANG_WARN_COMMA = YES;
				CLANG_WARN_CONSTANT_CONVERSION = YES;
				CLANG_WARN_DEPRECATED_OBJC_IMPLEMENTATIONS = YES;
				CLANG_WARN_DIRECT_OBJC_ISA_USAGE = YES_ERROR;
				CLANG_WARN_DOCUMENTATION_COMMENTS = YES;
				CLANG_WARN_EMPTY_BODY = YES;
				CLANG_WARN_ENUM_CONVERSION = YES;
				CLANG_WARN_INFINITE_RECURSION = YES;
				CLANG_WARN_INT_CONVERSION = YES;
				CLANG_WARN_NON_LITERAL_NULL_CONVERSION = YES;
				CLANG_WARN_OBJC_IMPLICIT_RETAIN_SELF = YES;
				CLANG_WARN_OBJC_LITERAL_CONVERSION = YES;
				CLANG_WARN_OBJC_ROOT_CLASS = YES_ERROR;
				CLANG_WARN_RANGE_LOOP_ANALYSIS = YES;
				CLANG_WARN_STRICT_PROTOTYPES = YES;
				CLANG_WARN_SUSPICIOUS_MOVE = YES;
				CLANG_WARN_UNGUARDED_AVAILABILITY = YES_AGGRESSIVE;
				CLANG_WARN_UNREACHABLE_CODE = YES;
				CLANG_WARN__DUPLICATE_METHOD_MATCH = YES;
				COPY_PHASE_STRIP = NO;
				DEBUG_INFORMATION_FORMAT = "dwarf-with-dsym";
				ENABLE_NS_ASSERTIONS = NO;
				ENABLE_STRICT_OBJC_MSGSEND = YES;
				GCC_C_LANGUAGE_STANDARD = gnu11;
				GCC_NO_COMMON_BLOCKS = YES;
				GCC_WARN_64_TO_32_BIT_CONVERSION = YES;
				GCC_WARN_ABOUT_RETURN_TYPE = YES_ERROR;
				GCC_WARN_UNDECLARED_SELECTOR = YES;
				GCC_WARN_UNINITIALIZED_AUTOS = YES_AGGRESSIVE;
				GCC_WARN_UNUSED_FUNCTION = YES;
				GCC_WARN_UNUSED_VARIABLE = YES;
				IPHONEOS_DEPLOYMENT_TARGET = 13.1;
				MTL_ENABLE_DEBUG_INFO = NO;
				MTL_FAST_MATH = YES;
				SDKROOT = iphoneos;
				SWIFT_COMPILATION_MODE = wholemodule;
				SWIFT_OPTIMIZATION_LEVEL = "-O";
				VALIDATE_PRODUCT = YES;
			};
			name = Release;
		};
		5C57F35823DC46E20010A672 /* Debug */ = {
			isa = XCBuildConfiguration;
			baseConfigurationReference = 1EDBDCB2B2DABF2EAF0B4A64 /* Pods-Daily_Makeup.debug.xcconfig */;
			buildSettings = {
				ASSETCATALOG_COMPILER_APPICON_NAME = AppIcon;
				CODE_SIGN_IDENTITY = "Apple Development";
				CODE_SIGN_STYLE = Automatic;
				DEVELOPMENT_TEAM = 6LAT54CJSN;
				INFOPLIST_FILE = Daily_Makeup/Info.plist;
				IPHONEOS_DEPLOYMENT_TARGET = 13.1;
				LD_RUNPATH_SEARCH_PATHS = (
					"$(inherited)",
					"@executable_path/Frameworks",
				);
				PRODUCT_BUNDLE_IDENTIFIER = huei.Daily.Makeup.com;
				PRODUCT_NAME = "$(TARGET_NAME)";
				PROVISIONING_PROFILE_SPECIFIER = "";
				SWIFT_VERSION = 5.0;
				TARGETED_DEVICE_FAMILY = "1,2";
			};
			name = Debug;
		};
		5C57F35923DC46E20010A672 /* Release */ = {
			isa = XCBuildConfiguration;
			baseConfigurationReference = ADEE0E7F3CACC3135BD337BF /* Pods-Daily_Makeup.release.xcconfig */;
			buildSettings = {
				ASSETCATALOG_COMPILER_APPICON_NAME = AppIcon;
				CODE_SIGN_IDENTITY = "Apple Development";
				CODE_SIGN_STYLE = Automatic;
				DEVELOPMENT_TEAM = 6LAT54CJSN;
				INFOPLIST_FILE = Daily_Makeup/Info.plist;
				IPHONEOS_DEPLOYMENT_TARGET = 13.1;
				LD_RUNPATH_SEARCH_PATHS = (
					"$(inherited)",
					"@executable_path/Frameworks",
				);
				PRODUCT_BUNDLE_IDENTIFIER = huei.Daily.Makeup.com;
				PRODUCT_NAME = "$(TARGET_NAME)";
				PROVISIONING_PROFILE_SPECIFIER = "";
				SWIFT_VERSION = 5.0;
				TARGETED_DEVICE_FAMILY = "1,2";
			};
			name = Release;
		};
/* End XCBuildConfiguration section */

/* Begin XCConfigurationList section */
		5C57F33E23DC46E00010A672 /* Build configuration list for PBXProject "Daily_Makeup" */ = {
			isa = XCConfigurationList;
			buildConfigurations = (
				5C57F35523DC46E20010A672 /* Debug */,
				5C57F35623DC46E20010A672 /* Release */,
			);
			defaultConfigurationIsVisible = 0;
			defaultConfigurationName = Release;
		};
		5C57F35723DC46E20010A672 /* Build configuration list for PBXNativeTarget "Daily_Makeup" */ = {
			isa = XCConfigurationList;
			buildConfigurations = (
				5C57F35823DC46E20010A672 /* Debug */,
				5C57F35923DC46E20010A672 /* Release */,
			);
			defaultConfigurationIsVisible = 0;
			defaultConfigurationName = Release;
		};
/* End XCConfigurationList section */
	};
	rootObject = 5C57F33B23DC46E00010A672 /* Project object */;
}
